
Microsoft Visual Studio Solution File, Format Version 12.00
# Visual Studio 15
VisualStudioVersion = 15.0.26730.12
MinimumVisualStudioVersion = 10.0.40219.1
Project("{FAE04EC0-301F-11D3-BF4B-00C04F79EFBC}") = "Filtering.Test", "Filtering.Test\Filtering.Test.csproj", "{672EB427-BBA7-4589-94CF-58042A0890BE}"
EndProject
Project("{FAE04EC0-301F-11D3-BF4B-00C04F79EFBC}") = "Filtering", "Filtering\Filtering\Filtering.csproj", "{11E98E05-82DE-4BB7-9F59-C5E75F29E17C}"
EndProject
Global
	GlobalSection(SolutionConfigurationPlatforms) = preSolution
		Debug|Any CPU = Debug|Any CPU
		Release|Any CPU = Release|Any CPU
	EndGlobalSection
	GlobalSection(ProjectConfigurationPlatforms) = postSolution
		{672EB427-BBA7-4589-94CF-58042A0890BE}.Debug|Any CPU.ActiveCfg = Debug|Any CPU
		{672EB427-BBA7-4589-94CF-58042A0890BE}.Debug|Any CPU.Build.0 = Debug|Any CPU
		{672EB427-BBA7-4589-94CF-58042A0890BE}.Release|Any CPU.ActiveCfg = Release|Any CPU
		{672EB427-BBA7-4589-94CF-58042A0890BE}.Release|Any CPU.Build.0 = Release|Any CPU
		{11E98E05-82DE-4BB7-9F59-C5E75F29E17C}.Debug|Any CPU.ActiveCfg = Debug|Any CPU
		{11E98E05-82DE-4BB7-9F59-C5E75F29E17C}.Debug|Any CPU.Build.0 = Debug|Any CPU
		{11E98E05-82DE-4BB7-9F59-C5E75F29E17C}.Release|Any CPU.ActiveCfg = Release|Any CPU
		{11E98E05-82DE-4BB7-9F59-C5E75F29E17C}.Release|Any CPU.Build.0 = Release|Any CPU
	EndGlobalSection
	GlobalSection(SolutionProperties) = preSolution
		HideSolutionNode = FALSE
	EndGlobalSection
	GlobalSection(ExtensibilityGlobals) = postSolution
		SolutionGuid = {C4428525-55FD-4A2F-81E3-D4C0736EE032}
	EndGlobalSection
	GlobalSection(CodealikeProperties) = postSolution
		SolutionGuid = c4428525-55fd-4a2f-81e3-d4c0736ee032
	EndGlobalSection
EndGlobal
